Microsoft Visual Studio Solution File, Format Version 12.00
# Visual Studio Version 17
VisualStudioVersion = 17.13.35818.85
MinimumVisualStudioVersion = 10.0.40219.1
Project("{FAE04EC0-301F-11D3-BF4B-00C04F79EFBC}") = "AshBoard", "AshBoard\AshBoard.csproj", "{066B07DF-74B7-49E3-9581-60F9FA854A7A}"
EndProject
Project("{2150E333-8FDC-42A3-9474-1A3956D46DE8}") = "0 - Presentation", "0 - Presentation", "{02EA681E-C7D8-13C7-8484-4AC65E1B71E8}"
EndProject
Project("{2150E333-8FDC-42A3-9474-1A3956D46DE8}") = "1 - Application", "1 - Application", "{61C0E2CB-6B5B-453D-83A3-20BD768C56C8}"
EndProject
Project("{2150E333-8FDC-42A3-9474-1A3956D46DE8}") = "2 - Domain", "2 - Domain", "{23BFA026-1C0D-48D1-9C7C-D787C4AE9AD7}"
EndProject
Project("{2150E333-8FDC-42A3-9474-1A3956D46DE8}") = "3 - Infrastructure", "3 - Infrastructure", "{645DBDE8-AA82-4FF2-94EC-3FCB019F146D}"
EndProject
Project("{2150E333-8FDC-42A3-9474-1A3956D46DE8}") = "4 - Tests", "4 - Tests", "{C4A21B55-E7BF-41AC-80F8-43A5F39303BC}"
EndProject
Project("{FAE04EC0-301F-11D3-BF4B-00C04F79EFBC}") = "AshBoard.Application", "AshBoard.Application\AshBoard.Application.csproj", "{7D576198-7CF3-4C40-A4CB-0C2FBE9C6538}"
EndProject
Project("{FAE04EC0-301F-11D3-BF4B-00C04F79EFBC}") = "AshBoard.Domain", "AshBoard.Domain\AshBoard.Domain.csproj", "{1AD6FE5A-DBDF-4E80-B989-C41657CC359B}"
EndProject
Project("{FAE04EC0-301F-11D3-BF4B-00C04F79EFBC}") = "AshBoard.Data", "AshBoard.Data\AshBoard.Data.csproj", "{B1B91B0C-1E77-4DC6-9E96-EDCEB0B36C50}"
EndProject
Project("{FAE04EC0-301F-11D3-BF4B-00C04F79EFBC}") = "AshBoard.Service", "AshBoard.Service\AshBoard.Service.csproj", "{7DC2D5CF-84AB-4907-8667-7E114295B676}"
EndProject
Project("{FAE04EC0-301F-11D3-BF4B-00C04F79EFBC}") = "AshBoard.Tests", "AshBoard.Tests\AshBoard.Tests.csproj", "{9BB87071-86CD-4634-A003-0654BB3A3B6D}"
EndProject
Global
	GlobalSection(SolutionConfigurationPlatforms) = preSolution
		Debug|Any CPU = Debug|Any CPU
		Release|Any CPU = Release|Any CPU
	EndGlobalSection
	GlobalSection(ProjectConfigurationPlatforms) = postSolution
		{066B07DF-74B7-49E3-9581-60F9FA854A7A}.Debug|Any CPU.ActiveCfg = Debug|Any CPU
		{066B07DF-74B7-49E3-9581-60F9FA854A7A}.Debug|Any CPU.Build.0 = Debug|Any CPU
		{066B07DF-74B7-49E3-9581-60F9FA854A7A}.Release|Any CPU.ActiveCfg = Release|Any CPU
		{066B07DF-74B7-49E3-9581-60F9FA854A7A}.Release|Any CPU.Build.0 = Release|Any CPU
		{7D576198-7CF3-4C40-A4CB-0C2FBE9C6538}.Debug|Any CPU.ActiveCfg = Debug|Any CPU
		{7D576198-7CF3-4C40-A4CB-0C2FBE9C6538}.Debug|Any CPU.Build.0 = Debug|Any CPU
		{7D576198-7CF3-4C40-A4CB-0C2FBE9C6538}.Release|Any CPU.ActiveCfg = Release|Any CPU
		{7D576198-7CF3-4C40-A4CB-0C2FBE9C6538}.Release|Any CPU.Build.0 = Release|Any CPU
		{1AD6FE5A-DBDF-4E80-B989-C41657CC359B}.Debug|Any CPU.ActiveCfg = Debug|Any CPU
		{1AD6FE5A-DBDF-4E80-B989-C41657CC359B}.Debug|Any CPU.Build.0 = Debug|Any CPU
		{1AD6FE5A-DBDF-4E80-B989-C41657CC359B}.Release|Any CPU.ActiveCfg = Release|Any CPU
		{1AD6FE5A-DBDF-4E80-B989-C41657CC359B}.Release|Any CPU.Build.0 = Release|Any CPU
		{B1B91B0C-1E77-4DC6-9E96-EDCEB0B36C50}.Debug|Any CPU.ActiveCfg = Debug|Any CPU
		{B1B91B0C-1E77-4DC6-9E96-EDCEB0B36C50}.Debug|Any CPU.Build.0 = Debug|Any CPU
		{B1B91B0C-1E77-4DC6-9E96-EDCEB0B36C50}.Release|Any CPU.ActiveCfg = Release|Any CPU
		{B1B91B0C-1E77-4DC6-9E96-EDCEB0B36C50}.Release|Any CPU.Build.0 = Release|Any CPU
		{7DC2D5CF-84AB-4907-8667-7E114295B676}.Debug|Any CPU.ActiveCfg = Debug|Any CPU
		{7DC2D5CF-84AB-4907-8667-7E114295B676}.Debug|Any CPU.Build.0 = Debug|Any CPU
		{7DC2D5CF-84AB-4907-8667-7E114295B676}.Release|Any CPU.ActiveCfg = Release|Any CPU
		{7DC2D5CF-84AB-4907-8667-7E114295B676}.Release|Any CPU.Build.0 = Release|Any CPU
		{9BB87071-86CD-4634-A003-0654BB3A3B6D}.Debug|Any CPU.ActiveCfg = Debug|Any CPU
		{9BB87071-86CD-4634-A003-0654BB3A3B6D}.Debug|Any CPU.Build.0 = Debug|Any CPU
		{9BB87071-86CD-4634-A003-0654BB3A3B6D}.Release|Any CPU.ActiveCfg = Release|Any CPU
		{9BB87071-86CD-4634-A003-0654BB3A3B6D}.Release|Any CPU.Build.0 = Release|Any CPU
	EndGlobalSection
	GlobalSection(SolutionProperties) = preSolution
		HideSolutionNode = FALSE
	EndGlobalSection
	GlobalSection(NestedProjects) = preSolution
		{066B07DF-74B7-49E3-9581-60F9FA854A7A} = {02EA681E-C7D8-13C7-8484-4AC65E1B71E8}
		{7D576198-7CF3-4C40-A4CB-0C2FBE9C6538} = {61C0E2CB-6B5B-453D-83A3-20BD768C56C8}
		{1AD6FE5A-DBDF-4E80-B989-C41657CC359B} = {23BFA026-1C0D-48D1-9C7C-D787C4AE9AD7}
		{B1B91B0C-1E77-4DC6-9E96-EDCEB0B36C50} = {645DBDE8-AA82-4FF2-94EC-3FCB019F146D}
		{7DC2D5CF-84AB-4907-8667-7E114295B676} = {645DBDE8-AA82-4FF2-94EC-3FCB019F146D}
		{9BB87071-86CD-4634-A003-0654BB3A3B6D} = {C4A21B55-E7BF-41AC-80F8-43A5F39303BC}
	EndGlobalSection
	GlobalSection(ExtensibilityGlobals) = postSolution
		SolutionGuid = {C5069D99-6D18-4DFC-AD91-EF490F64DD09}
	EndGlobalSection
EndGlobal
